
Microsoft Visual Studio Solution File, Format Version 12.00
# Visual Studio 2012
Project("{FAE04EC0-301F-11D3-BF4B-00C04F79EFBC}") = "ExcelOperate", "ExcelOperate\ExcelOperate.csproj", "{3E92E0AA-80A0-4DD8-A10B-487768196383}"
EndProject
Project("{FAE04EC0-301F-11D3-BF4B-00C04F79EFBC}") = "Temple.Domain", "Temple.Domain\Temple.Domain.csproj", "{9948173F-0CFE-4D00-9E02-F98C833FC8EE}"
EndProject
Project("{FAE04EC0-301F-11D3-BF4B-00C04F79EFBC}") = "Temple.Core", "Temple.Core\Temple.Core.csproj", "{C36EDF2B-6AC6-42CD-B7DC-2C33E36CA2E8}"
EndProject
Project("{FAE04EC0-301F-11D3-BF4B-00C04F79EFBC}") = "Temple.Mapping", "Temple.Mapping\Temple.Mapping.csproj", "{7D1AE647-D5FE-4E99-92EB-659F999C564F}"
EndProject
Project("{FAE04EC0-301F-11D3-BF4B-00C04F79EFBC}") = "Temple.IService", "Temple.IService\Temple.IService.csproj", "{1E9E3485-08FB-435E-8D3B-FF63898E80F4}"
EndProject
Project("{FAE04EC0-301F-11D3-BF4B-00C04F79EFBC}") = "Temple.Service", "Temple.Service\Temple.Service.csproj", "{84EBD5F0-C1AD-4110-8488-B4568F968BAF}"
EndProject
Project("{FAE04EC0-301F-11D3-BF4B-00C04F79EFBC}") = "Temple.Admin", "Temple.Admin\Temple.Admin.csproj", "{493C4DC3-3721-4F62-84C4-C930F01FA42B}"
EndProject
Global
	GlobalSection(SolutionConfigurationPlatforms) = preSolution
		Debug|Any CPU = Debug|Any CPU
		Release|Any CPU = Release|Any CPU
	EndGlobalSection
	GlobalSection(ProjectConfigurationPlatforms) = postSolution
		{3E92E0AA-80A0-4DD8-A10B-487768196383}.Debug|Any CPU.ActiveCfg = Debug|Any CPU
		{3E92E0AA-80A0-4DD8-A10B-487768196383}.Debug|Any CPU.Build.0 = Debug|Any CPU
		{3E92E0AA-80A0-4DD8-A10B-487768196383}.Release|Any CPU.ActiveCfg = Release|Any CPU
		{3E92E0AA-80A0-4DD8-A10B-487768196383}.Release|Any CPU.Build.0 = Release|Any CPU
		{9948173F-0CFE-4D00-9E02-F98C833FC8EE}.Debug|Any CPU.ActiveCfg = Debug|Any CPU
		{9948173F-0CFE-4D00-9E02-F98C833FC8EE}.Debug|Any CPU.Build.0 = Debug|Any CPU
		{9948173F-0CFE-4D00-9E02-F98C833FC8EE}.Release|Any CPU.ActiveCfg = Release|Any CPU
		{9948173F-0CFE-4D00-9E02-F98C833FC8EE}.Release|Any CPU.Build.0 = Release|Any CPU
		{C36EDF2B-6AC6-42CD-B7DC-2C33E36CA2E8}.Debug|Any CPU.ActiveCfg = Debug|Any CPU
		{C36EDF2B-6AC6-42CD-B7DC-2C33E36CA2E8}.Debug|Any CPU.Build.0 = Debug|Any CPU
		{C36EDF2B-6AC6-42CD-B7DC-2C33E36CA2E8}.Release|Any CPU.ActiveCfg = Release|Any CPU
		{C36EDF2B-6AC6-42CD-B7DC-2C33E36CA2E8}.Release|Any CPU.Build.0 = Release|Any CPU
		{7D1AE647-D5FE-4E99-92EB-659F999C564F}.Debug|Any CPU.ActiveCfg = Debug|Any CPU
		{7D1AE647-D5FE-4E99-92EB-659F999C564F}.Debug|Any CPU.Build.0 = Debug|Any CPU
		{7D1AE647-D5FE-4E99-92EB-659F999C564F}.Release|Any CPU.ActiveCfg = Release|Any CPU
		{7D1AE647-D5FE-4E99-92EB-659F999C564F}.Release|Any CPU.Build.0 = Release|Any CPU
		{1E9E3485-08FB-435E-8D3B-FF63898E80F4}.Debug|Any CPU.ActiveCfg = Debug|Any CPU
		{1E9E3485-08FB-435E-8D3B-FF63898E80F4}.Debug|Any CPU.Build.0 = Debug|Any CPU
		{1E9E3485-08FB-435E-8D3B-FF63898E80F4}.Release|Any CPU.ActiveCfg = Release|Any CPU
		{1E9E3485-08FB-435E-8D3B-FF63898E80F4}.Release|Any CPU.Build.0 = Release|Any CPU
		{84EBD5F0-C1AD-4110-8488-B4568F968BAF}.Debug|Any CPU.ActiveCfg = Debug|Any CPU
		{84EBD5F0-C1AD-4110-8488-B4568F968BAF}.Debug|Any CPU.Build.0 = Debug|Any CPU
		{84EBD5F0-C1AD-4110-8488-B4568F968BAF}.Release|Any CPU.ActiveCfg = Release|Any CPU
		{84EBD5F0-C1AD-4110-8488-B4568F968BAF}.Release|Any CPU.Build.0 = Release|Any CPU
		{493C4DC3-3721-4F62-84C4-C930F01FA42B}.Debug|Any CPU.ActiveCfg = Debug|Any CPU
		{493C4DC3-3721-4F62-84C4-C930F01FA42B}.Debug|Any CPU.Build.0 = Debug|Any CPU
		{493C4DC3-3721-4F62-84C4-C930F01FA42B}.Release|Any CPU.ActiveCfg = Release|Any CPU
		{493C4DC3-3721-4F62-84C4-C930F01FA42B}.Release|Any CPU.Build.0 = Release|Any CPU
	EndGlobalSection
	GlobalSection(SolutionProperties) = preSolution
		HideSolutionNode = FALSE
	EndGlobalSection
EndGlobal
